
Microsoft Visual Studio Solution File, Format Version 12.00
# Visual Studio Version 16
VisualStudioVersion = 16.0.31624.102
MinimumVisualStudioVersion = 10.0.40219.1
Project("{9A19103F-16F7-4668-BE54-9A1E7A4F7556}") = "TP3-420-14B-FX", "TP3-420-14B-FX\TP3-420-14B-FX.csproj", "{623FAF4C-12D0-4F24-AE4A-4A06D0606379}"
EndProject
Project("{FAE04EC0-301F-11D3-BF4B-00C04F79EFBC}") = "TP3-420-14B-FX-Tests", "TP3-420-14B-FX-Tests\TP3-420-14B-FX-Tests.csproj", "{7B3CEB9D-7E4C-420D-ABE6-8B2009726606}"
EndProject
Global
	GlobalSection(SolutionConfigurationPlatforms) = preSolution
		Debug|Any CPU = Debug|Any CPU
		Release|Any CPU = Release|Any CPU
	EndGlobalSection
	GlobalSection(ProjectConfigurationPlatforms) = postSolution
		{623FAF4C-12D0-4F24-AE4A-4A06D0606379}.Debug|Any CPU.ActiveCfg = Debug|Any CPU
		{623FAF4C-12D0-4F24-AE4A-4A06D0606379}.Debug|Any CPU.Build.0 = Debug|Any CPU
		{623FAF4C-12D0-4F24-AE4A-4A06D0606379}.Release|Any CPU.ActiveCfg = Release|Any CPU
		{623FAF4C-12D0-4F24-AE4A-4A06D0606379}.Release|Any CPU.Build.0 = Release|Any CPU
		{7B3CEB9D-7E4C-420D-ABE6-8B2009726606}.Debug|Any CPU.ActiveCfg = Debug|Any CPU
		{7B3CEB9D-7E4C-420D-ABE6-8B2009726606}.Debug|Any CPU.Build.0 = Debug|Any CPU
		{7B3CEB9D-7E4C-420D-ABE6-8B2009726606}.Release|Any CPU.ActiveCfg = Release|Any CPU
		{7B3CEB9D-7E4C-420D-ABE6-8B2009726606}.Release|Any CPU.Build.0 = Release|Any CPU
	EndGlobalSection
	GlobalSection(SolutionProperties) = preSolution
		HideSolutionNode = FALSE
	EndGlobalSection
	GlobalSection(ExtensibilityGlobals) = postSolution
		SolutionGuid = {7E378FEB-3E4C-417F-9C73-21000E8EEC1E}
	EndGlobalSection
EndGlobal
